{
  "name": "@senspark/ee",
  "version": "0.3.4",
  "lockfileVersion": 1,
  "requires": true,
  "dependencies": {
    "@types/node": {
      "version": "10.3.3",
      "resolved": "https://registry.npmjs.org/@types/node/-/node-10.3.3.tgz",
      "integrity": "sha512-/gwCgiI2e9RzzZTKbl+am3vgNqOt7a9fJ/uxv4SqYKxenoEDNVU3KZEadlpusWhQI0A0dOrZ0T68JYKVjzmgdQ=="
    },
    "@types/node-polyglot": {
      "version": "0.4.31",
      "resolved": "https://registry.npmjs.org/@types/node-polyglot/-/node-polyglot-0.4.31.tgz",
      "integrity": "sha512-Rt0lyfbZtbqonGHgtCK+p7bJFXrJSppSag09NAfbE5MrC3oyjB5ssQ1fCfilR9R38iX/TzRkaDU/wRlzDCeDDA=="
    },
    "typescript": {
      "version": "2.9.2",
      "resolved": "https://registry.npmjs.org/typescript/-/typescript-2.9.2.tgz",
      "integrity": "sha512-Gr4p6nFNaoufRIY4NMdpQRNmgxVIGMs4Fcu/ujdYk3nAZqk7supzBE9idmvfZIlH/Cuj//dvi+019qEue9lV0w==",
      "dev": true
    }
  }
}
